# THIS IS AN AUTOGENERATED FILE. DO NOT EDIT THIS FILE DIRECTLY.
# yarn lockfile v1


"@cloudflare/kv-asset-handler@^0.2.0":
  version "0.2.0"
  resolved "https://registry.yarnpkg.com/@cloudflare/kv-asset-handler/-/kv-asset-handler-0.2.0.tgz#c9959bbd7a1c40bd7c674adae98aa8c8d0e5ca68"
  integrity sha512-MVbXLbTcAotOPUj0pAMhVtJ+3/kFkwJqc5qNOleOZTv6QkZZABDMS21dSrSlVswEHwrpWC03e4fWytjqKvuE2A==
  dependencies:
    mime "^3.0.0"

"@cloudflare/workerd-darwin-64@1.20231030.0":
  version "1.20231030.0"
  resolved "https://registry.yarnpkg.com/@cloudflare/workerd-darwin-64/-/workerd-darwin-64-1.20231030.0.tgz#a5376fb484ca80c2a35d5efd1a5e9de0f4ae2a92"
  integrity sha512-J4PQ9utPxLya9yHdMMx3AZeC5M/6FxcoYw6jo9jbDDFTy+a4Gslqf4Im9We3aeOEdPXa3tgQHVQOSelJSZLhIw==

"@cloudflare/workerd-darwin-arm64@1.20231030.0":
  version "1.20231030.0"
  resolved "https://registry.yarnpkg.com/@cloudflare/workerd-darwin-arm64/-/workerd-darwin-arm64-1.20231030.0.tgz#a25da268440c927d9aeeb81c0c2027a04990262f"
  integrity sha512-WSJJjm11Del4hSneiNB7wTXGtBXI4QMCH9l5qf4iT5PAW8cESGcCmdHtWDWDtGAAGcvmLT04KNvmum92vRKKQQ==

"@cloudflare/workerd-linux-64@1.20231030.0":
  version "1.20231030.0"
  resolved "https://registry.yarnpkg.com/@cloudflare/workerd-linux-64/-/workerd-linux-64-1.20231030.0.tgz#b7fea4011db8926ca0fddfe5f3b28263594fb777"
  integrity sha512-2HUeRTvoCC17fxE0qdBeR7J9dO8j4A8ZbdcvY8pZxdk+zERU6+N03RTbk/dQMU488PwiDvcC3zZqS4gwLfVT8g==

"@cloudflare/workerd-linux-arm64@1.20231030.0":
  version "1.20231030.0"
  resolved "https://registry.yarnpkg.com/@cloudflare/workerd-linux-arm64/-/workerd-linux-arm64-1.20231030.0.tgz#efea5320513ac84879c854e6f511bb3475e9162c"
  integrity sha512-4/GK5zHh+9JbUI6Z5xTCM0ZmpKKHk7vu9thmHjUxtz+o8Ne9DoD7DlDvXQWgMF6XGaTubDWyp3ttn+Qv8jDFuQ==

"@cloudflare/workerd-windows-64@1.20231030.0":
  version "1.20231030.0"
  resolved "https://registry.yarnpkg.com/@cloudflare/workerd-windows-64/-/workerd-windows-64-1.20231030.0.tgz#d1aba21f13ec65f00d1009e0686a1a8ec6c1f8dd"
  integrity sha512-fb/Jgj8Yqy3PO1jLhk7mTrHMkR8jklpbQFud6rL/aMAn5d6MQbaSrYOCjzkKGp0Zng8D2LIzSl+Fc0C9Sggxjg==

"@cspotcode/source-map-support@0.8.1":
  version "0.8.1"
  resolved "https://registry.yarnpkg.com/@cspotcode/source-map-support/-/source-map-support-0.8.1.tgz#00629c35a688e05a88b1cda684fb9d5e73f000a1"
  integrity sha512-IchNf6dN4tHoMFIn/7OE8LWZ19Y6q/67Bmf6vnGREv8RSbBVb9LPJxEcnwrcwX6ixSvaiGoomAUvu4YSxXrVgw==
  dependencies:
    "@jridgewell/trace-mapping" "0.3.9"

"@esbuild-plugins/node-globals-polyfill@^0.2.3":
  version "0.2.3"
  resolved "https://registry.yarnpkg.com/@esbuild-plugins/node-globals-polyfill/-/node-globals-polyfill-0.2.3.tgz#0e4497a2b53c9e9485e149bc92ddb228438d6bcf"
  integrity sha512-r3MIryXDeXDOZh7ih1l/yE9ZLORCd5e8vWg02azWRGj5SPTuoh69A2AIyn0Z31V/kHBfZ4HgWJ+OK3GTTwLmnw==

"@esbuild-plugins/node-modules-polyfill@^0.2.2":
  version "0.2.2"
  resolved "https://registry.yarnpkg.com/@esbuild-plugins/node-modules-polyfill/-/node-modules-polyfill-0.2.2.tgz#cefa3dc0bd1c16277a8338b52833420c94987327"
  integrity sha512-LXV7QsWJxRuMYvKbiznh+U1ilIop3g2TeKRzUxOG5X3YITc8JyyTa90BmLwqqv0YnX4v32CSlG+vsziZp9dMvA==
  dependencies:
    escape-string-regexp "^4.0.0"
    rollup-plugin-node-polyfills "^0.2.1"

"@esbuild/android-arm64@0.17.19":
  version "0.17.19"
  resolved "https://registry.yarnpkg.com/@esbuild/android-arm64/-/android-arm64-0.17.19.tgz#bafb75234a5d3d1b690e7c2956a599345e84a2fd"
  integrity sha512-KBMWvEZooR7+kzY0BtbTQn0OAYY7CsiydT63pVEaPtVYF0hXbUaOyZog37DKxK7NF3XacBJOpYT4adIJh+avxA==

"@esbuild/android-arm@0.17.19":
  version "0.17.19"
  resolved "https://registry.yarnpkg.com/@esbuild/android-arm/-/android-arm-0.17.19.tgz#5898f7832c2298bc7d0ab53701c57beb74d78b4d"
  integrity sha512-rIKddzqhmav7MSmoFCmDIb6e2W57geRsM94gV2l38fzhXMwq7hZoClug9USI2pFRGL06f4IOPHHpFNOkWieR8A==

"@esbuild/android-x64@0.17.19":
  version "0.17.19"
  resolved "https://registry.yarnpkg.com/@esbuild/android-x64/-/android-x64-0.17.19.tgz#658368ef92067866d95fb268719f98f363d13ae1"
  integrity sha512-uUTTc4xGNDT7YSArp/zbtmbhO0uEEK9/ETW29Wk1thYUJBz3IVnvgEiEwEa9IeLyvnpKrWK64Utw2bgUmDveww==

"@esbuild/darwin-arm64@0.17.19":
  version "0.17.19"
  resolved "https://registry.yarnpkg.com/@esbuild/darwin-arm64/-/darwin-arm64-0.17.19.tgz#584c34c5991b95d4d48d333300b1a4e2ff7be276"
  integrity sha512-80wEoCfF/hFKM6WE1FyBHc9SfUblloAWx6FJkFWTWiCoht9Mc0ARGEM47e67W9rI09YoUxJL68WHfDRYEAvOhg==

"@esbuild/darwin-x64@0.17.19":
  version "0.17.19"
  resolved "https://registry.yarnpkg.com/@esbuild/darwin-x64/-/darwin-x64-0.17.19.tgz#7751d236dfe6ce136cce343dce69f52d76b7f6cb"
  integrity sha512-IJM4JJsLhRYr9xdtLytPLSH9k/oxR3boaUIYiHkAawtwNOXKE8KoU8tMvryogdcT8AU+Bflmh81Xn6Q0vTZbQw==

"@esbuild/freebsd-arm64@0.17.19":
  version "0.17.19"
  resolved "https://registry.yarnpkg.com/@esbuild/freebsd-arm64/-/freebsd-arm64-0.17.19.tgz#cacd171665dd1d500f45c167d50c6b7e539d5fd2"
  integrity sha512-pBwbc7DufluUeGdjSU5Si+P3SoMF5DQ/F/UmTSb8HXO80ZEAJmrykPyzo1IfNbAoaqw48YRpv8shwd1NoI0jcQ==

"@esbuild/freebsd-x64@0.17.19":
  version "0.17.19"
  resolved "https://registry.yarnpkg.com/@esbuild/freebsd-x64/-/freebsd-x64-0.17.19.tgz#0769456eee2a08b8d925d7c00b79e861cb3162e4"
  integrity sha512-4lu+n8Wk0XlajEhbEffdy2xy53dpR06SlzvhGByyg36qJw6Kpfk7cp45DR/62aPH9mtJRmIyrXAS5UWBrJT6TQ==

"@esbuild/linux-arm64@0.17.19":
  version "0.17.19"
  resolved "https://registry.yarnpkg.com/@esbuild/linux-arm64/-/linux-arm64-0.17.19.tgz#38e162ecb723862c6be1c27d6389f48960b68edb"
  integrity sha512-ct1Tg3WGwd3P+oZYqic+YZF4snNl2bsnMKRkb3ozHmnM0dGWuxcPTTntAF6bOP0Sp4x0PjSF+4uHQ1xvxfRKqg==

"@esbuild/linux-arm@0.17.19":
  version "0.17.19"
  resolved "https://registry.yarnpkg.com/@esbuild/linux-arm/-/linux-arm-0.17.19.tgz#1a2cd399c50040184a805174a6d89097d9d1559a"
  integrity sha512-cdmT3KxjlOQ/gZ2cjfrQOtmhG4HJs6hhvm3mWSRDPtZ/lP5oe8FWceS10JaSJC13GBd4eH/haHnqf7hhGNLerA==

"@esbuild/linux-ia32@0.17.19":
  version "0.17.19"
  resolved "https://registry.yarnpkg.com/@esbuild/linux-ia32/-/linux-ia32-0.17.19.tgz#e28c25266b036ce1cabca3c30155222841dc035a"
  integrity sha512-w4IRhSy1VbsNxHRQpeGCHEmibqdTUx61Vc38APcsRbuVgK0OPEnQ0YD39Brymn96mOx48Y2laBQGqgZ0j9w6SQ==

"@esbuild/linux-loong64@0.17.19":
  version "0.17.19"
  resolved "https://registry.yarnpkg.com/@esbuild/linux-loong64/-/linux-loong64-0.17.19.tgz#0f887b8bb3f90658d1a0117283e55dbd4c9dcf72"
  integrity sha512-2iAngUbBPMq439a+z//gE+9WBldoMp1s5GWsUSgqHLzLJ9WoZLZhpwWuym0u0u/4XmZ3gpHmzV84PonE+9IIdQ==

"@esbuild/linux-mips64el@0.17.19":
  version "0.17.19"
  resolved "https://registry.yarnpkg.com/@esbuild/linux-mips64el/-/linux-mips64el-0.17.19.tgz#f5d2a0b8047ea9a5d9f592a178ea054053a70289"
  integrity sha512-LKJltc4LVdMKHsrFe4MGNPp0hqDFA1Wpt3jE1gEyM3nKUvOiO//9PheZZHfYRfYl6AwdTH4aTcXSqBerX0ml4A==

"@esbuild/linux-ppc64@0.17.19":
  version "0.17.19"
  resolved "https://registry.yarnpkg.com/@esbuild/linux-ppc64/-/linux-ppc64-0.17.19.tgz#876590e3acbd9fa7f57a2c7d86f83717dbbac8c7"
  integrity sha512-/c/DGybs95WXNS8y3Ti/ytqETiW7EU44MEKuCAcpPto3YjQbyK3IQVKfF6nbghD7EcLUGl0NbiL5Rt5DMhn5tg==

"@esbuild/linux-riscv64@0.17.19":
  version "0.17.19"
  resolved "https://registry.yarnpkg.com/@esbuild/linux-riscv64/-/linux-riscv64-0.17.19.tgz#7f49373df463cd9f41dc34f9b2262d771688bf09"
  integrity sha512-FC3nUAWhvFoutlhAkgHf8f5HwFWUL6bYdvLc/TTuxKlvLi3+pPzdZiFKSWz/PF30TB1K19SuCxDTI5KcqASJqA==

"@esbuild/linux-s390x@0.17.19":
  version "0.17.19"
  resolved "https://registry.yarnpkg.com/@esbuild/linux-s390x/-/linux-s390x-0.17.19.tgz#e2afd1afcaf63afe2c7d9ceacd28ec57c77f8829"
  integrity sha512-IbFsFbxMWLuKEbH+7sTkKzL6NJmG2vRyy6K7JJo55w+8xDk7RElYn6xvXtDW8HCfoKBFK69f3pgBJSUSQPr+4Q==

"@esbuild/linux-x64@0.17.19":
  version "0.17.19"
  resolved "https://registry.yarnpkg.com/@esbuild/linux-x64/-/linux-x64-0.17.19.tgz#8a0e9738b1635f0c53389e515ae83826dec22aa4"
  integrity sha512-68ngA9lg2H6zkZcyp22tsVt38mlhWde8l3eJLWkyLrp4HwMUr3c1s/M2t7+kHIhvMjglIBrFpncX1SzMckomGw==

"@esbuild/netbsd-x64@0.17.19":
  version "0.17.19"
  resolved "https://registry.yarnpkg.com/@esbuild/netbsd-x64/-/netbsd-x64-0.17.19.tgz#c29fb2453c6b7ddef9a35e2c18b37bda1ae5c462"
  integrity sha512-CwFq42rXCR8TYIjIfpXCbRX0rp1jo6cPIUPSaWwzbVI4aOfX96OXY8M6KNmtPcg7QjYeDmN+DD0Wp3LaBOLf4Q==

"@esbuild/openbsd-x64@0.17.19":
  version "0.17.19"
  resolved "https://registry.yarnpkg.com/@esbuild/openbsd-x64/-/openbsd-x64-0.17.19.tgz#95e75a391403cb10297280d524d66ce04c920691"
  integrity sha512-cnq5brJYrSZ2CF6c35eCmviIN3k3RczmHz8eYaVlNasVqsNY+JKohZU5MKmaOI+KkllCdzOKKdPs762VCPC20g==

"@esbuild/sunos-x64@0.17.19":
  version "0.17.19"
  resolved "https://registry.yarnpkg.com/@esbuild/sunos-x64/-/sunos-x64-0.17.19.tgz#722eaf057b83c2575937d3ffe5aeb16540da7273"
  integrity sha512-vCRT7yP3zX+bKWFeP/zdS6SqdWB8OIpaRq/mbXQxTGHnIxspRtigpkUcDMlSCOejlHowLqII7K2JKevwyRP2rg==

"@esbuild/win32-arm64@0.17.19":
  version "0.17.19"
  resolved "https://registry.yarnpkg.com/@esbuild/win32-arm64/-/win32-arm64-0.17.19.tgz#9aa9dc074399288bdcdd283443e9aeb6b9552b6f"
  integrity sha512-yYx+8jwowUstVdorcMdNlzklLYhPxjniHWFKgRqH7IFlUEa0Umu3KuYplf1HUZZ422e3NU9F4LGb+4O0Kdcaag==

"@esbuild/win32-ia32@0.17.19":
  version "0.17.19"
  resolved "https://registry.yarnpkg.com/@esbuild/win32-ia32/-/win32-ia32-0.17.19.tgz#95ad43c62ad62485e210f6299c7b2571e48d2b03"
  integrity sha512-eggDKanJszUtCdlVs0RB+h35wNlb5v4TWEkq4vZcmVt5u/HiDZrTXe2bWFQUez3RgNHwx/x4sk5++4NSSicKkw==

"@esbuild/win32-x64@0.17.19":
  version "0.17.19"
  resolved "https://registry.yarnpkg.com/@esbuild/win32-x64/-/win32-x64-0.17.19.tgz#8cfaf2ff603e9aabb910e9c0558c26cf32744061"
  integrity sha512-lAhycmKnVOuRYNtRtatQR1LPQf2oYCkRGkSFnseDAKPl8lu5SOsK/e1sXe5a0Pc5kHIHe6P2I/ilntNv2xf3cA==

"@fastify/busboy@^2.0.0":
  version "2.1.0"
  resolved "https://registry.yarnpkg.com/@fastify/busboy/-/busboy-2.1.0.tgz#0709e9f4cb252351c609c6e6d8d6779a8d25edff"
  integrity sha512-+KpH+QxZU7O4675t3mnkQKcZZg56u+K/Ct2K+N2AZYNVK8kyeo/bI18tI8aPm3tvNNRyTWfj6s5tnGNlcbQRsA==

"@jridgewell/resolve-uri@^3.0.3":
  version "3.1.1"
  resolved "https://registry.yarnpkg.com/@jridgewell/resolve-uri/-/resolve-uri-3.1.1.tgz#c08679063f279615a3326583ba3a90d1d82cc721"
  integrity sha512-dSYZh7HhCDtCKm4QakX0xFpsRDqjjtZf/kjI/v3T3Nwt5r8/qz/M19F9ySyOqU94SXBmeG9ttTul+YnR4LOxFA==

"@jridgewell/sourcemap-codec@^1.4.10":
  version "1.4.15"
  resolved "https://registry.yarnpkg.com/@jridgewell/sourcemap-codec/-/sourcemap-codec-1.4.15.tgz#d7c6e6755c78567a951e04ab52ef0fd26de59f32"
  integrity sha512-eF2rxCRulEKXHTRiDrDy6erMYWqNw4LPdQ8UQA4huuxaQsVeRPFl2oM8oDGxMFhJUWZf9McpLtJasDDZb/Bpeg==

"@jridgewell/trace-mapping@0.3.9":
  version "0.3.9"
  resolved "https://registry.yarnpkg.com/@jridgewell/trace-mapping/-/trace-mapping-0.3.9.tgz#6534fd5933a53ba7cbf3a17615e273a0d1273ff9"
  integrity sha512-3Belt6tdc8bPgAtbcmdtNJlirVoTmEb5e2gC94PnkwEW9jI6CAHUeoG85tjWP5WquqfavoMtMwiG4P926ZKKuQ==
  dependencies:
    "@jridgewell/resolve-uri" "^3.0.3"
    "@jridgewell/sourcemap-codec" "^1.4.10"

"@types/node-forge@^1.3.0":
  version "1.3.10"
  resolved "https://registry.yarnpkg.com/@types/node-forge/-/node-forge-1.3.10.tgz#62a19d4f75a8b03290578c2b04f294b1a5a71b07"
  integrity sha512-y6PJDYN4xYBxwd22l+OVH35N+1fCYWiuC3aiP2SlXVE6Lo7SS+rSx9r89hLxrP4pn6n1lBGhHJ12pj3F3Mpttw==
  dependencies:
    "@types/node" "*"

"@types/node@*":
  version "20.10.5"
  resolved "https://registry.yarnpkg.com/@types/node/-/node-20.10.5.tgz#47ad460b514096b7ed63a1dae26fad0914ed3ab2"
  integrity sha512-nNPsNE65wjMxEKI93yOP+NPGGBJz/PoN3kZsVLee0XMiJolxSekEVD8wRwBUBqkwc7UWop0edW50yrCQW4CyRw==
  dependencies:
    undici-types "~5.26.4"

acorn-walk@^8.2.0:
  version "8.3.1"
  resolved "https://registry.yarnpkg.com/acorn-walk/-/acorn-walk-8.3.1.tgz#2f10f5b69329d90ae18c58bf1fa8fccd8b959a43"
  integrity sha512-TgUZgYvqZprrl7YldZNoa9OciCAyZR+Ejm9eXzKCmjsF5IKp/wgQ7Z/ZpjpGTIUPwrHQIcYeI8qDh4PsEwxMbw==

acorn@^8.8.0:
  version "8.11.2"
  resolved "https://registry.yarnpkg.com/acorn/-/acorn-8.11.2.tgz#ca0d78b51895be5390a5903c5b3bdcdaf78ae40b"
  integrity sha512-nc0Axzp/0FILLEVsm4fNwLCwMttvhEI263QtVPQcbpfZZ3ts0hLsZGOpE6czNlid7CJ9MlyH8reXkpsf3YUY4w==

anymatch@~3.1.2:
  version "3.1.3"
  resolved "https://registry.yarnpkg.com/anymatch/-/anymatch-3.1.3.tgz#790c58b19ba1720a84205b57c618d5ad8524973e"
  integrity sha512-KMReFUr0B4t+D+OBkjR3KYqvocp2XaSzO55UcB6mgQMd3KbcE+mWTyvVV7D/zsdEbNnV6acZUutkiHQXvTr1Rw==
  dependencies:
    normalize-path "^3.0.0"
    picomatch "^2.0.4"

as-table@^1.0.36:
  version "1.0.55"
  resolved "https://registry.yarnpkg.com/as-table/-/as-table-1.0.55.tgz#dc984da3937745de902cea1d45843c01bdbbec4f"
  integrity sha512-xvsWESUJn0JN421Xb9MQw6AsMHRCUknCe0Wjlxvjud80mU4E6hQf1A6NzQKcYNmYw62MfzEtXc+badstZP3JpQ==
  dependencies:
    printable-characters "^1.0.42"

binary-extensions@^2.0.0:
  version "2.2.0"
  resolved "https://registry.yarnpkg.com/binary-extensions/-/binary-extensions-2.2.0.tgz#75f502eeaf9ffde42fc98829645be4ea76bd9e2d"
  integrity sha512-jDctJ/IVQbZoJykoeHbhXpOlNBqGNcwXJKJog42E5HDPUwQTSdjCHdihjj0DlnheQ7blbT6dHOafNAiS8ooQKA==

blake3-wasm@^2.1.5:
  version "2.1.5"
  resolved "https://registry.yarnpkg.com/blake3-wasm/-/blake3-wasm-2.1.5.tgz#b22dbb84bc9419ed0159caa76af4b1b132e6ba52"
  integrity sha512-F1+K8EbfOZE49dtoPtmxUQrpXaBIl3ICvasLh+nJta0xkz+9kF/7uet9fLnwKqhDrmj6g+6K3Tw9yQPUg2ka5g==

braces@~3.0.2:
  version "3.0.2"
  resolved "https://registry.yarnpkg.com/braces/-/braces-3.0.2.tgz#3454e1a462ee8d599e236df336cd9ea4f8afe107"
  integrity sha512-b8um+L1RzM3WDSzvhm6gIz1yfTbBt6YTlcEKAvsmqCZZFw46z626lVj9j1yEPW33H5H+lBQpZMP1k8l+78Ha0A==
  dependencies:
    fill-range "^7.0.1"

buffer-from@^1.0.0:
  version "1.1.2"
  resolved "https://registry.yarnpkg.com/buffer-from/-/buffer-from-1.1.2.tgz#2b146a6fd72e80b4f55d255f35ed59a3a9a41bd5"
  integrity sha512-E+XQCRwSbaaiChtv6k6Dwgc+bx+Bs6vuKJHHl5kox/BaKbhiXzqQOwK4cO22yElGp2OCmjwVhT3HmxgyPGnJfQ==

capnp-ts@^0.7.0:
  version "0.7.0"
  resolved "https://registry.yarnpkg.com/capnp-ts/-/capnp-ts-0.7.0.tgz#16fd8e76b667d002af8fcf4bf92bf15d1a7b54a9"
  integrity sha512-XKxXAC3HVPv7r674zP0VC3RTXz+/JKhfyw94ljvF80yynK6VkTnqE3jMuN8b3dUVmmc43TjyxjW4KTsmB3c86g==
  dependencies:
    debug "^4.3.1"
    tslib "^2.2.0"

chokidar@^3.5.3:
  version "3.5.3"
  resolved "https://registry.yarnpkg.com/chokidar/-/chokidar-3.5.3.tgz#1cf37c8707b932bd1af1ae22c0432e2acd1903bd"
  integrity sha512-Dr3sfKRP6oTcjf2JmUmFJfeVMvXBdegxB0iVQ5eb2V10uFJUCAS8OByZdVAyVb8xXNz3GjjTgj9kLWsZTqE6kw==
  dependencies:
    anymatch "~3.1.2"
    braces "~3.0.2"
    glob-parent "~5.1.2"
    is-binary-path "~2.1.0"
    is-glob "~4.0.1"
    normalize-path "~3.0.0"
    readdirp "~3.6.0"
  optionalDependencies:
    fsevents "~2.3.2"

cookie@^0.5.0:
  version "0.5.0"
  resolved "https://registry.yarnpkg.com/cookie/-/cookie-0.5.0.tgz#d1f5d71adec6558c58f389987c366aa47e994f8b"
  integrity sha512-YZ3GUyn/o8gfKJlnlX7g7xq4gyO6OSuhGPKaaGssGB2qgDUS0gPgtTvoyZLTt9Ab6dC4hfc9dV5arkvc/OCmrw==

data-uri-to-buffer@^2.0.0:
  version "2.0.2"
  resolved "https://registry.yarnpkg.com/data-uri-to-buffer/-/data-uri-to-buffer-2.0.2.tgz#d296973d5a4897a5dbe31716d118211921f04770"
  integrity sha512-ND9qDTLc6diwj+Xe5cdAgVTbLVdXbtxTJRXRhli8Mowuaan+0EJOtdqJ0QCHNSSPyoXGx9HX2/VMnKeC34AChA==

debug@^4.3.1:
  version "4.3.4"
  resolved "https://registry.yarnpkg.com/debug/-/debug-4.3.4.tgz#1319f6579357f2338d3337d2cdd4914bb5dcc865"
  integrity sha512-PRWFHuSU3eDtQJPvnNY7Jcket1j0t5OuOsFzPPzsekD52Zl8qUfFIPEiswXqIvHWGVHOgX+7G/vCNNhehwxfkQ==
  dependencies:
    ms "2.1.2"

esbuild@0.17.19:
  version "0.17.19"
  resolved "https://registry.yarnpkg.com/esbuild/-/esbuild-0.17.19.tgz#087a727e98299f0462a3d0bcdd9cd7ff100bd955"
  integrity sha512-XQ0jAPFkK/u3LcVRcvVHQcTIqD6E2H1fvZMA5dQPSOWb3suUbWbfbRf94pjc0bNzRYLfIrDRQXr7X+LHIm5oHw==
  optionalDependencies:
    "@esbuild/android-arm" "0.17.19"
    "@esbuild/android-arm64" "0.17.19"
    "@esbuild/android-x64" "0.17.19"
    "@esbuild/darwin-arm64" "0.17.19"
    "@esbuild/darwin-x64" "0.17.19"
    "@esbuild/freebsd-arm64" "0.17.19"
    "@esbuild/freebsd-x64" "0.17.19"
    "@esbuild/linux-arm" "0.17.19"
    "@esbuild/linux-arm64" "0.17.19"
    "@esbuild/linux-ia32" "0.17.19"
    "@esbuild/linux-loong64" "0.17.19"
    "@esbuild/linux-mips64el" "0.17.19"
    "@esbuild/linux-ppc64" "0.17.19"
    "@esbuild/linux-riscv64" "0.17.19"
    "@esbuild/linux-s390x" "0.17.19"
    "@esbuild/linux-x64" "0.17.19"
    "@esbuild/netbsd-x64" "0.17.19"
    "@esbuild/openbsd-x64" "0.17.19"
    "@esbuild/sunos-x64" "0.17.19"
    "@esbuild/win32-arm64" "0.17.19"
    "@esbuild/win32-ia32" "0.17.19"
    "@esbuild/win32-x64" "0.17.19"

escape-string-regexp@^4.0.0:
  version "4.0.0"
  resolved "https://registry.yarnpkg.com/escape-string-regexp/-/escape-string-regexp-4.0.0.tgz#14ba83a5d373e3d311e5afca29cf5bfad965bf34"
  integrity sha512-TtpcNJ3XAzx3Gq8sWRzJaVajRs0uVxA2YAkdb1jm2YkPz4G6egUFAyA3n5vtEIZefPk5Wa4UXbKuS5fKkJWdgA==

estree-walker@^0.6.1:
  version "0.6.1"
  resolved "https://registry.yarnpkg.com/estree-walker/-/estree-walker-0.6.1.tgz#53049143f40c6eb918b23671d1fe3219f3a1b362"
  integrity sha512-SqmZANLWS0mnatqbSfRP5g8OXZC12Fgg1IwNtLsyHDzJizORW4khDfjPqJZsemPWBB2uqykUah5YpQ6epsqC/w==

exit-hook@^2.2.1:
  version "2.2.1"
  resolved "https://registry.yarnpkg.com/exit-hook/-/exit-hook-2.2.1.tgz#007b2d92c6428eda2b76e7016a34351586934593"
  integrity sha512-eNTPlAD67BmP31LDINZ3U7HSF8l57TxOY2PmBJ1shpCvpnxBF93mWCE8YHBnXs8qiUZJc9WDcWIeC3a2HIAMfw==

fill-range@^7.0.1:
  version "7.0.1"
  resolved "https://registry.yarnpkg.com/fill-range/-/fill-range-7.0.1.tgz#1919a6a7c75fe38b2c7c77e5198535da9acdda40"
  integrity sha512-qOo9F+dMUmC2Lcb4BbVvnKJxTPjCm+RRpe4gDuGrzkL7mEVl/djYSu2OdQ2Pa302N4oqkSg9ir6jaLWJ2USVpQ==
  dependencies:
    to-regex-range "^5.0.1"

fsevents@~2.3.2:
  version "2.3.3"
  resolved "https://registry.yarnpkg.com/fsevents/-/fsevents-2.3.3.tgz#cac6407785d03675a2a5e1a5305c697b347d90d6"
  integrity sha512-5xoDfX+fL7faATnagmWPpbFtwh/R77WmMMqqHGS65C3vvB0YHrgF+B1YmZ3441tMj5n63k0212XNoJwzlhffQw==

get-source@^2.0.12:
  version "2.0.12"
  resolved "https://registry.yarnpkg.com/get-source/-/get-source-2.0.12.tgz#0b47d57ea1e53ce0d3a69f4f3d277eb8047da944"
  integrity sha512-X5+4+iD+HoSeEED+uwrQ07BOQr0kEDFMVqqpBuI+RaZBpBpHCuXxo70bjar6f0b0u/DQJsJ7ssurpP0V60Az+w==
  dependencies:
    data-uri-to-buffer "^2.0.0"
    source-map "^0.6.1"

glob-parent@~5.1.2:
  version "5.1.2"
  resolved "https://registry.yarnpkg.com/glob-parent/-/glob-parent-5.1.2.tgz#869832c58034fe68a4093c17dc15e8340d8401c4"
  integrity sha512-AOIgSQCepiJYwP3ARnGx+5VnTu2HBYdzbGP45eLw1vr3zB3vZLeyed1sC9hnbcOc9/SrMyM5RPQrkGz4aS9Zow==
  dependencies:
    is-glob "^4.0.1"

glob-to-regexp@^0.4.1:
  version "0.4.1"
  resolved "https://registry.yarnpkg.com/glob-to-regexp/-/glob-to-regexp-0.4.1.tgz#c75297087c851b9a578bd217dd59a92f59fe546e"
  integrity sha512-lkX1HJXwyMcprw/5YUZc2s7DrpAiHB21/V+E1rHUrVNokkvB6bqMzT0VfV6/86ZNabt1k14YOIaT7nDvOX3Iiw==

is-binary-path@~2.1.0:
  version "2.1.0"
  resolved "https://registry.yarnpkg.com/is-binary-path/-/is-binary-path-2.1.0.tgz#ea1f7f3b80f064236e83470f86c09c254fb45b09"
  integrity sha512-ZMERYes6pDydyuGidse7OsHxtbI7WVeUEozgR/g7rd0xUimYNlvZRE/K2MgZTjWy725IfelLeVcEM97mmtRGXw==
  dependencies:
    binary-extensions "^2.0.0"

is-extglob@^2.1.1:
  version "2.1.1"
  resolved "https://registry.yarnpkg.com/is-extglob/-/is-extglob-2.1.1.tgz#a88c02535791f02ed37c76a1b9ea9773c833f8c2"
  integrity sha512-SbKbANkN603Vi4jEZv49LeVJMn4yGwsbzZworEoyEiutsN3nJYdbO36zfhGJ6QEDpOZIFkDtnq5JRxmvl3jsoQ==

is-glob@^4.0.1, is-glob@~4.0.1:
  version "4.0.3"
  resolved "https://registry.yarnpkg.com/is-glob/-/is-glob-4.0.3.tgz#64f61e42cbbb2eec2071a9dac0b28ba1e65d5084"
  integrity sha512-xelSayHH36ZgE7ZWhli7pW34hNbNl8Ojv5KVmkJD4hBdD3th8Tfk9vYasLM+mXWOZhFkgZfxhLSnrwRr4elSSg==
  dependencies:
    is-extglob "^2.1.1"

is-number@^7.0.0:
  version "7.0.0"
  resolved "https://registry.yarnpkg.com/is-number/-/is-number-7.0.0.tgz#7535345b896734d5f80c4d06c50955527a14f12b"
  integrity sha512-41Cifkg6e8TylSpdtTpeLVMqvSBEVzTttHvERD741+pnZ8ANv0004MRL43QKPDlK9cGvNp6NZWZUBlbGXYxxng==

magic-string@^0.25.3:
  version "0.25.9"
  resolved "https://registry.yarnpkg.com/magic-string/-/magic-string-0.25.9.tgz#de7f9faf91ef8a1c91d02c2e5314c8277dbcdd1c"
  integrity sha512-RmF0AsMzgt25qzqqLc1+MbHmhdx0ojF2Fvs4XnOqz2ZOBXzzkEwc/dJQZCYHAn7v1jbVOjAZfK8msRn4BxO4VQ==
  dependencies:
    sourcemap-codec "^1.4.8"

mime@^3.0.0:
  version "3.0.0"
  resolved "https://registry.yarnpkg.com/mime/-/mime-3.0.0.tgz#b374550dca3a0c18443b0c950a6a58f1931cf7a7"
  integrity sha512-jSCU7/VB1loIWBZe14aEYHU/+1UMEHoaO7qxCOVJOw9GgH72VAWppxNcjU+x9a2k3GSIBXNKxXQFqRvvZ7vr3A==

miniflare@3.20231030.4:
  version "3.20231030.4"
  resolved "https://registry.yarnpkg.com/miniflare/-/miniflare-3.20231030.4.tgz#309b76f4dd1198504bc5b3be7fcdc35876797464"
  integrity sha512-7MBz0ArLuDop1WJGZC6tFgN6c5MRyDOIlxbm3yp0TRBpvDS/KsTuWCQcCjsxN4QQ5zvL3JTkuIZbQzRRw/j6ow==
  dependencies:
    acorn "^8.8.0"
    acorn-walk "^8.2.0"
    capnp-ts "^0.7.0"
    exit-hook "^2.2.1"
    glob-to-regexp "^0.4.1"
    source-map-support "0.5.21"
    stoppable "^1.1.0"
    undici "^5.22.1"
    workerd "1.20231030.0"
    ws "^8.11.0"
    youch "^3.2.2"
    zod "^3.20.6"

ms@2.1.2:
  version "2.1.2"
  resolved "https://registry.yarnpkg.com/ms/-/ms-2.1.2.tgz#d09d1f357b443f493382a8eb3ccd183872ae6009"
  integrity sha512-sGkPx+VjMtmA6MX27oA4FBFELFCZZ4S4XqeGOXCv68tT+jb3vk/RyaKWP0PTKyWtmLSM0b+adUTEvbs1PEaH2w==

mustache@^4.2.0:
  version "4.2.0"
  resolved "https://registry.yarnpkg.com/mustache/-/mustache-4.2.0.tgz#e5892324d60a12ec9c2a73359edca52972bf6f64"
  integrity sha512-71ippSywq5Yb7/tVYyGbkBggbU8H3u5Rz56fH60jGFgr8uHwxs+aSKeqmluIVzM0m0kB7xQjKS6qPfd0b2ZoqQ==

nanoid@^3.3.3:
  version "3.3.7"
  resolved "https://registry.yarnpkg.com/nanoid/-/nanoid-3.3.7.tgz#d0c301a691bc8d54efa0a2226ccf3fe2fd656bd8"
  integrity sha512-eSRppjcPIatRIMC1U6UngP8XFcz8MQWGQdt1MTBQ7NaAmvXDfvNxbvWV3x2y6CdEUciCSsDHDQZbhYaB8QEo2g==

node-forge@^1:
  version "1.3.1"
  resolved "https://registry.yarnpkg.com/node-forge/-/node-forge-1.3.1.tgz#be8da2af243b2417d5f646a770663a92b7e9ded3"
  integrity sha512-dPEtOeMvF9VMcYV/1Wb8CPoVAXtp6MKMlcbAt4ddqmGqUJ6fQZFXkNZNkNlfevtNkGtaSoXf/vNNNSvgrdXwtA==

normalize-path@^3.0.0, normalize-path@~3.0.0:
  version "3.0.0"
  resolved "https://registry.yarnpkg.com/normalize-path/-/normalize-path-3.0.0.tgz#0dcd69ff23a1c9b11fd0978316644a0388216a65"
  integrity sha512-6eZs5Ls3WtCisHWp9S2GUy8dqkpGi4BVSz3GaqiE6ezub0512ESztXUwUB6C6IKbQkY2Pnb/mD4WYojCRwcwLA==

path-to-regexp@^6.2.0:
  version "6.2.1"
  resolved "https://registry.yarnpkg.com/path-to-regexp/-/path-to-regexp-6.2.1.tgz#d54934d6798eb9e5ef14e7af7962c945906918e5"
  integrity sha512-JLyh7xT1kizaEvcaXOQwOc2/Yhw6KZOvPf1S8401UyLk86CU79LN3vl7ztXGm/pZ+YjoyAJ4rxmHwbkBXJX+yw==

picomatch@^2.0.4, picomatch@^2.2.1:
  version "2.3.1"
  resolved "https://registry.yarnpkg.com/picomatch/-/picomatch-2.3.1.tgz#3ba3833733646d9d3e4995946c1365a67fb07a42"
  integrity sha512-JU3teHTNjmE2VCGFzuY8EXzCDVwEqB2a8fsIvwaStHhAWJEeVd1o1QD80CU6+ZdEXXSLbSsuLwJjkCBWqRQUVA==

printable-characters@^1.0.42:
  version "1.0.42"
  resolved "https://registry.yarnpkg.com/printable-characters/-/printable-characters-1.0.42.tgz#3f18e977a9bd8eb37fcc4ff5659d7be90868b3d8"
  integrity sha512-dKp+C4iXWK4vVYZmYSd0KBH5F/h1HoZRsbJ82AVKRO3PEo8L4lBS/vLwhVtpwwuYcoIsVY+1JYKR268yn480uQ==

readdirp@~3.6.0:
  version "3.6.0"
  resolved "https://registry.yarnpkg.com/readdirp/-/readdirp-3.6.0.tgz#74a370bd857116e245b29cc97340cd431a02a6c7"
  integrity sha512-hOS089on8RduqdbhvQ5Z37A0ESjsqz6qnRcffsMU3495FuTdqSm+7bhJ29JvIOsBDEEnan5DPu9t3To9VRlMzA==
  dependencies:
    picomatch "^2.2.1"

resolve.exports@^2.0.2:
  version "2.0.2"
  resolved "https://registry.yarnpkg.com/resolve.exports/-/resolve.exports-2.0.2.tgz#f8c934b8e6a13f539e38b7098e2e36134f01e800"
  integrity sha512-X2UW6Nw3n/aMgDVy+0rSqgHlv39WZAlZrXCdnbyEiKm17DSqHX4MmQMaST3FbeWR5FTuRcUwYAziZajji0Y7mg==

rollup-plugin-inject@^3.0.0:
  version "3.0.2"
  resolved "https://registry.yarnpkg.com/rollup-plugin-inject/-/rollup-plugin-inject-3.0.2.tgz#e4233855bfba6c0c12a312fd6649dff9a13ee9f4"
  integrity sha512-ptg9PQwzs3orn4jkgXJ74bfs5vYz1NCZlSQMBUA0wKcGp5i5pA1AO3fOUEte8enhGUC+iapTCzEWw2jEFFUO/w==
  dependencies:
    estree-walker "^0.6.1"
    magic-string "^0.25.3"
    rollup-pluginutils "^2.8.1"

rollup-plugin-node-polyfills@^0.2.1:
  version "0.2.1"
  resolved "https://registry.yarnpkg.com/rollup-plugin-node-polyfills/-/rollup-plugin-node-polyfills-0.2.1.tgz#53092a2744837164d5b8a28812ba5f3ff61109fd"
  integrity sha512-4kCrKPTJ6sK4/gLL/U5QzVT8cxJcofO0OU74tnB19F40cmuAKSzH5/siithxlofFEjwvw1YAhPmbvGNA6jEroA==
  dependencies:
    rollup-plugin-inject "^3.0.0"

rollup-pluginutils@^2.8.1:
  version "2.8.2"
  resolved "https://registry.yarnpkg.com/rollup-pluginutils/-/rollup-pluginutils-2.8.2.tgz#72f2af0748b592364dbd3389e600e5a9444a351e"
  integrity sha512-EEp9NhnUkwY8aif6bxgovPHMoMoNr2FulJziTndpt5H9RdwC47GSGuII9XxpSdzVGM0GWrNPHV6ie1LTNJPaLQ==
  dependencies:
    estree-walker "^0.6.1"

selfsigned@^2.0.1:
  version "2.4.1"
  resolved "https://registry.yarnpkg.com/selfsigned/-/selfsigned-2.4.1.tgz#560d90565442a3ed35b674034cec4e95dceb4ae0"
  integrity sha512-th5B4L2U+eGLq1TVh7zNRGBapioSORUeymIydxgFpwww9d2qyKvtuPU2jJuHvYAwwqi2Y596QBL3eEqcPEYL8Q==
  dependencies:
    "@types/node-forge" "^1.3.0"
    node-forge "^1"

source-map-support@0.5.21:
  version "0.5.21"
  resolved "https://registry.yarnpkg.com/source-map-support/-/source-map-support-0.5.21.tgz#04fe7c7f9e1ed2d662233c28cb2b35b9f63f6e4f"
  integrity sha512-uBHU3L3czsIyYXKX88fdrGovxdSCoTGDRZ6SYXtSRxLZUzHg5P/66Ht6uoUlHu9EZod+inXhKo3qQgwXUT/y1w==
  dependencies:
    buffer-from "^1.0.0"
    source-map "^0.6.0"

source-map@0.6.1, source-map@^0.6.0, source-map@^0.6.1:
  version "0.6.1"
  resolved "https://registry.yarnpkg.com/source-map/-/source-map-0.6.1.tgz#74722af32e9614e9c287a8d0bbde48b5e2f1a263"
  integrity sha512-UjgapumWlbMhkBgzT7Ykc5YXUT46F0iKu8SGXq0bcwP5dz/h0Plj6enJqjz1Zbq2l5WaqYnrVbwWOWMyF3F47g==

sourcemap-codec@^1.4.8:
  version "1.4.8"
  resolved "https://registry.yarnpkg.com/sourcemap-codec/-/sourcemap-codec-1.4.8.tgz#ea804bd94857402e6992d05a38ef1ae35a9ab4c4"
  integrity sha512-9NykojV5Uih4lgo5So5dtw+f0JgJX30KCNI8gwhz2J9A15wD0Ml6tjHKwf6fTSa6fAdVBdZeNOs9eJ71qCk8vA==

stacktracey@^2.1.8:
  version "2.1.8"
  resolved "https://registry.yarnpkg.com/stacktracey/-/stacktracey-2.1.8.tgz#bf9916020738ce3700d1323b32bd2c91ea71199d"
  integrity sha512-Kpij9riA+UNg7TnphqjH7/CzctQ/owJGNbFkfEeve4Z4uxT5+JapVLFXcsurIfN34gnTWZNJ/f7NMG0E8JDzTw==
  dependencies:
    as-table "^1.0.36"
    get-source "^2.0.12"

stoppable@^1.1.0:
  version "1.1.0"
  resolved "https://registry.yarnpkg.com/stoppable/-/stoppable-1.1.0.tgz#32da568e83ea488b08e4d7ea2c3bcc9d75015d5b"
  integrity sha512-KXDYZ9dszj6bzvnEMRYvxgeTHU74QBFL54XKtP3nyMuJ81CFYtABZ3bAzL2EdFUaEwJOBOgENyFj3R7oTzDyyw==

to-regex-range@^5.0.1:
  version "5.0.1"
  resolved "https://registry.yarnpkg.com/to-regex-range/-/to-regex-range-5.0.1.tgz#1648c44aae7c8d988a326018ed72f5b4dd0392e4"
  integrity sha512-65P7iz6X5yEr1cwcgvQxbbIw7Uk3gOy5dIdtZ4rDveLqhrdJP+Li/Hx6tyK0NEb+2GCyneCMJiGqrADCSNk8sQ==
  dependencies:
    is-number "^7.0.0"

tslib@^2.2.0:
  version "2.6.2"
  resolved "https://registry.yarnpkg.com/tslib/-/tslib-2.6.2.tgz#703ac29425e7b37cd6fd456e92404d46d1f3e4ae"
  integrity sha512-AEYxH93jGFPn/a2iVAwW87VuUIkR1FVUKB77NwMF7nBTDkDrrT/Hpt/IrCJ0QXhW27jTBDcf5ZY7w6RiqTMw2Q==

undici-types@~5.26.4:
  version "5.26.5"
  resolved "https://registry.yarnpkg.com/undici-types/-/undici-types-5.26.5.tgz#bcd539893d00b56e964fd2657a4866b221a65617"
  integrity sha512-JlCMO+ehdEIKqlFxk6IfVoAUVmgz7cU7zD/h9XZ0qzeosSHmUJVOzSQvvYSYWXkFXC+IfLKSIffhv0sVZup6pA==

undici@^5.22.1:
  version "5.28.2"
  resolved "https://registry.yarnpkg.com/undici/-/undici-5.28.2.tgz#fea200eac65fc7ecaff80a023d1a0543423b4c91"
  integrity sha512-wh1pHJHnUeQV5Xa8/kyQhO7WFa8M34l026L5P/+2TYiakvGy5Rdc8jWZVyG7ieht/0WgJLEd3kcU5gKx+6GC8w==
  dependencies:
    "@fastify/busboy" "^2.0.0"

workerd@1.20231030.0:
  version "1.20231030.0"
  resolved "https://registry.yarnpkg.com/workerd/-/workerd-1.20231030.0.tgz#937588da16a3fa9cc73375c1e6967d02610ee367"
  integrity sha512-+FSW+d31f8RrjHanFf/R9A+Z0csf3OtsvzdPmAKuwuZm/5HrBv83cvG9fFeTxl7/nI6irUUXIRF9xcj/NomQzQ==
  optionalDependencies:
    "@cloudflare/workerd-darwin-64" "1.20231030.0"
    "@cloudflare/workerd-darwin-arm64" "1.20231030.0"
    "@cloudflare/workerd-linux-64" "1.20231030.0"
    "@cloudflare/workerd-linux-arm64" "1.20231030.0"
    "@cloudflare/workerd-windows-64" "1.20231030.0"

wrangler@^3.0.0:
  version "3.22.1"
  resolved "https://registry.yarnpkg.com/wrangler/-/wrangler-3.22.1.tgz#402c77db861a3d90d5755129bd45d6fd618199b8"
  integrity sha512-fN7WOF6Ono/TV5V90PuJQNf0azS7B+5C/N/KRjqhlAIQBz+c0yLOGkF6kC/akxjr1yIAC9AzcPk9+OuTSq0C+g==
  dependencies:
    "@cloudflare/kv-asset-handler" "^0.2.0"
    "@cspotcode/source-map-support" "0.8.1"
    "@esbuild-plugins/node-globals-polyfill" "^0.2.3"
    "@esbuild-plugins/node-modules-polyfill" "^0.2.2"
    blake3-wasm "^2.1.5"
    chokidar "^3.5.3"
    esbuild "0.17.19"
    miniflare "3.20231030.4"
    nanoid "^3.3.3"
    path-to-regexp "^6.2.0"
    resolve.exports "^2.0.2"
    selfsigned "^2.0.1"
    source-map "0.6.1"
    xxhash-wasm "^1.0.1"
  optionalDependencies:
    fsevents "~2.3.2"

ws@^8.11.0:
  version "8.16.0"
  resolved "https://registry.yarnpkg.com/ws/-/ws-8.16.0.tgz#d1cd774f36fbc07165066a60e40323eab6446fd4"
  integrity sha512-HS0c//TP7Ina87TfiPUz1rQzMhHrl/SG2guqRcTOIUYD2q8uhUdNHZYJUaQ8aTGPzCh+c6oawMKW35nFl1dxyQ==

xxhash-wasm@^1.0.1:
  version "1.0.2"
  resolved "https://registry.yarnpkg.com/xxhash-wasm/-/xxhash-wasm-1.0.2.tgz#ecc0f813219b727af4d5f3958ca6becee2f2f1ff"
  integrity sha512-ibF0Or+FivM9lNrg+HGJfVX8WJqgo+kCLDc4vx6xMeTce7Aj+DLttKbxxRR/gNLSAelRc1omAPlJ77N/Jem07A==

youch@^3.2.2:
  version "3.3.3"
  resolved "https://registry.yarnpkg.com/youch/-/youch-3.3.3.tgz#50cfdf5bc395ce664a5073e31b712ff4a859d928"
  integrity sha512-qSFXUk3UZBLfggAW3dJKg0BMblG5biqSF8M34E06o5CSsZtH92u9Hqmj2RzGiHDi64fhe83+4tENFP2DB6t6ZA==
  dependencies:
    cookie "^0.5.0"
    mustache "^4.2.0"
    stacktracey "^2.1.8"

zod@^3.20.6:
  version "3.22.4"
  resolved "https://registry.yarnpkg.com/zod/-/zod-3.22.4.tgz#f31c3a9386f61b1f228af56faa9255e845cf3fff"
  integrity sha512-iC+8Io04lddc+mVqQ9AZ7OQ2MrUKGN+oIQyq1vemgt46jwCwLfhq7/pwnBnNXXXZb8VTVLKwp9EDkx+ryxIWmg==
